<Solution>
  <Configurations>
    <Platform Name="Any CPU" />
    <Platform Name="x64" />
    <Platform Name="x86" />
  </Configurations>
  <Folder Name="/src/">
    <Project Path="src/PySharp.SyntaxAnalysis.Generator.Analyzers/PySharp.SyntaxAnalysis.Generator.Analyzers.csproj" />
    <Project Path="src/PySharp.SyntaxAnalysis.Generator/PySharp.SyntaxAnalysis.Generator.csproj" />
    <Project Path="src/PySharp.SyntaxAnalysis/PySharp.SyntaxAnalysis.csproj" />
    <Project Path="src/PySharp/PySharp.csproj" />
  </Folder>
  <Folder Name="/tests/">
    <Project Path="tests/PySharp.SyntaxAnalysis.Generator.Analyzers.Tests/PySharp.SyntaxAnalysis.Generator.Analyzers.Tests.csproj" />
    <Project Path="tests/PySharp.SyntaxAnalysis.Generator.Tests/PySharp.SyntaxAnalysis.Generator.Tests.csproj" />
    <Project Path="tests/PySharp.SyntaxAnalysis.Tests/PySharp.SyntaxAnalysis.Tests.csproj" />
    <Project Path="tests/PySharp.Tests/PySharp.Tests.csproj" />
  </Folder>
  <Project Path="PySharp.Benchmarks/PySharp.Benchmarks.csproj" />
</Solution>
